
Microsoft Visual Studio Solution File, Format Version 12.00
# Visual Studio Version 16
VisualStudioVersion = 16.0.30717.126
MinimumVisualStudioVersion = 10.0.40219.1
Project("{FAE04EC0-301F-11D3-BF4B-00C04F79EFBC}") = "CanIRunWindows11", "CanIRunWindows11\CanIRunWindows11.csproj", "{618B5FCF-2861-4595-AFD3-C0E59A331BC4}"
EndProject
Global
	GlobalSection(SolutionConfigurationPlatforms) = preSolution
		Debug|Any CPU = Debug|Any CPU
		Release|Any CPU = Release|Any CPU
	EndGlobalSection
	GlobalSection(ProjectConfigurationPlatforms) = postSolution
		{618B5FCF-2861-4595-AFD3-C0E59A331BC4}.Debug|Any CPU.ActiveCfg = Debug|Any CPU
		{618B5FCF-2861-4595-AFD3-C0E59A331BC4}.Debug|Any CPU.Build.0 = Debug|Any CPU
		{618B5FCF-2861-4595-AFD3-C0E59A331BC4}.Release|Any CPU.ActiveCfg = Release|Any CPU
		{618B5FCF-2861-4595-AFD3-C0E59A331BC4}.Release|Any CPU.Build.0 = Release|Any CPU
	EndGlobalSection
	GlobalSection(SolutionProperties) = preSolution
		HideSolutionNode = FALSE
	EndGlobalSection
	GlobalSection(ExtensibilityGlobals) = postSolution
		SolutionGuid = {6999961D-385A-4B6C-959D-ECF41E8A90D1}
	EndGlobalSection
EndGlobal
